
Microsoft Visual Studio Solution File, Format Version 12.00
# Visual Studio 2012
Project("{8BC9CEB8-8B4A-11D0-8D11-00A0C91BC942}") = "CST370HW2", "CST370HW2\CST370HW2.vcxproj", "{4B23608E-2344-4204-8F3B-90DECB39747B}"
EndProject
Global
	GlobalSection(SolutionConfigurationPlatforms) = preSolution
		Debug|Win32 = Debug|Win32
		Release|Win32 = Release|Win32
	EndGlobalSection
	GlobalSection(ProjectConfigurationPlatforms) = postSolution
		{4B23608E-2344-4204-8F3B-90DECB39747B}.Debug|Win32.ActiveCfg = Debug|Win32
		{4B23608E-2344-4204-8F3B-90DECB39747B}.Debug|Win32.Build.0 = Debug|Win32
		{4B23608E-2344-4204-8F3B-90DECB39747B}.Release|Win32.ActiveCfg = Release|Win32
		{4B23608E-2344-4204-8F3B-90DECB39747B}.Release|Win32.Build.0 = Release|Win32
	EndGlobalSection
	GlobalSection(SolutionProperties) = preSolution
		HideSolutionNode = FALSE
	EndGlobalSection
EndGlobal
